
Microsoft Visual Studio Solution File, Format Version 12.00
# Visual Studio Version 17
VisualStudioVersion = 17.2.32516.85
MinimumVisualStudioVersion = 10.0.40219.1
Project("{9A19103F-16F7-4668-BE54-9A1E7A4F7556}") = "AMRControl", "AMRControl\AMRControl.csproj", "{5697D59B-89A7-479A-B6A1-844F51763005}"
EndProject
Global
	GlobalSection(SolutionConfigurationPlatforms) = preSolution
		Debug|Any CPU = Debug|Any CPU
		Release|Any CPU = Release|Any CPU
	EndGlobalSection
	GlobalSection(ProjectConfigurationPlatforms) = postSolution
		{5697D59B-89A7-479A-B6A1-844F51763005}.Debug|Any CPU.ActiveCfg = Debug|Any CPU
		{5697D59B-89A7-479A-B6A1-844F51763005}.Debug|Any CPU.Build.0 = Debug|Any CPU
		{5697D59B-89A7-479A-B6A1-844F51763005}.Release|Any CPU.ActiveCfg = Release|Any CPU
		{5697D59B-89A7-479A-B6A1-844F51763005}.Release|Any CPU.Build.0 = Release|Any CPU
	EndGlobalSection
	GlobalSection(SolutionProperties) = preSolution
		HideSolutionNode = FALSE
	EndGlobalSection
	GlobalSection(ExtensibilityGlobals) = postSolution
		SolutionGuid = {2AEE1755-FF6A-4ADB-9FC5-8B45E31D7D5A}
	EndGlobalSection
EndGlobal
